
Microsoft Visual Studio Solution File, Format Version 12.00
# Visual Studio Version 16
VisualStudioVersion = 16.0.29324.140
MinimumVisualStudioVersion = 10.0.40219.1
Project("{8BC9CEB8-8B4A-11D0-8D11-00A0C91BC942}") = "getpid_test", "getpid_test.vcxproj", "{876620D8-12EE-4C13-B014-FC07CD5D0F07}"
EndProject
Global
	GlobalSection(SolutionConfigurationPlatforms) = preSolution
		Debug|x64 = Debug|x64
		Debug|x86 = Debug|x86
		Release|x64 = Release|x64
		Release|x86 = Release|x86
	EndGlobalSection
	GlobalSection(ProjectConfigurationPlatforms) = postSolution
		{876620D8-12EE-4C13-B014-FC07CD5D0F07}.Debug|x64.ActiveCfg = Debug|x64
		{876620D8-12EE-4C13-B014-FC07CD5D0F07}.Debug|x64.Build.0 = Debug|x64
		{876620D8-12EE-4C13-B014-FC07CD5D0F07}.Debug|x86.ActiveCfg = Debug|Win32
		{876620D8-12EE-4C13-B014-FC07CD5D0F07}.Debug|x86.Build.0 = Debug|Win32
		{876620D8-12EE-4C13-B014-FC07CD5D0F07}.Release|x64.ActiveCfg = Release|x64
		{876620D8-12EE-4C13-B014-FC07CD5D0F07}.Release|x64.Build.0 = Release|x64
		{876620D8-12EE-4C13-B014-FC07CD5D0F07}.Release|x86.ActiveCfg = Release|Win32
		{876620D8-12EE-4C13-B014-FC07CD5D0F07}.Release|x86.Build.0 = Release|Win32
	EndGlobalSection
	GlobalSection(SolutionProperties) = preSolution
		HideSolutionNode = FALSE
	EndGlobalSection
	GlobalSection(ExtensibilityGlobals) = postSolution
		SolutionGuid = {2EF326AC-E744-4626-9C97-B29E27E4898A}
	EndGlobalSection
EndGlobal
